{
  "name": "electrum-dev",
  "version": "0.0.1",
  "lockfileVersion": 1,
  "dependencies": {
    "arr-union": {
      "version": "https://registry.npmjs.org/arr-union/-/arr-union-3.1.0.tgz",
      "integrity": "sha1-45sJrqne+Gao8gbiiK9jkZuuOcQ=",
      "dev": true
    },
    "balanced-match": {
      "version": "https://registry.npmjs.org/balanced-match/-/balanced-match-0.4.2.tgz",
      "integrity": "sha1-yz8+PHMtwPAe5wtAPzAuYddwmDg=",
      "dev": true
    },
    "brace-expansion": {
      "version": "https://registry.npmjs.org/brace-expansion/-/brace-expansion-1.1.7.tgz",
      "integrity": "sha1-Pv/DxQ4ABTH7cg6v+A8K6O8jz1k=",
      "dev": true
    },
    "clone-deep": {
      "version": "https://registry.npmjs.org/clone-deep/-/clone-deep-0.2.4.tgz",
      "integrity": "sha1-TnPdCen7lxzDhnDF3O2cGJZIHMY=",
      "dev": true
    },
    "concat-map": {
      "version": "https://registry.npmjs.org/concat-map/-/concat-map-0.0.1.tgz",
      "integrity": "sha1-2Klr13/Wjfd5OnMDajug1UBdR3s=",
      "dev": true
    },
    "for-in": {
      "version": "https://registry.npmjs.org/for-in/-/for-in-1.0.2.tgz",
      "integrity": "sha1-gQaNKVqBQuwKxybG4iAMMPttXoA=",
      "dev": true
    },
    "for-own": {
      "version": "https://registry.npmjs.org/for-own/-/for-own-0.1.5.tgz",
      "integrity": "sha1-UmXGgaTylNq78XyVCbZ2OqhFEM4=",
      "dev": true
    },
    "fs-extra": {
      "version": "https://registry.npmjs.org/fs-extra/-/fs-extra-2.1.2.tgz",
      "integrity": "sha1-BGxwFjzvmq1GsOSn+kZ/si1x3jU=",
      "dev": true
    },
    "fs.realpath": {
      "version": "https://registry.npmjs.org/fs.realpath/-/fs.realpath-1.0.0.tgz",
      "integrity": "sha1-FQStJSMVjKpA20onh8sBQRmU6k8=",
      "dev": true
    },
    "glob": {
      "version": "https://registry.npmjs.org/glob/-/glob-7.1.2.tgz",
      "integrity": "sha1-wZyd+aAocC1nhhI4SmVSQExjbRU=",
      "dev": true
    },
    "graceful-fs": {
      "version": "https://registry.npmjs.org/graceful-fs/-/graceful-fs-4.1.11.tgz",
      "integrity": "sha1-Dovf5NHduIVNZOBOp8AOKgJuVlg=",
      "dev": true
    },
    "inflight": {
      "version": "https://registry.npmjs.org/inflight/-/inflight-1.0.6.tgz",
      "integrity": "sha1-Sb1jMdfQLQwJvJEKEHW6gWW1bfk=",
      "dev": true
    },
    "inherits": {
      "version": "https://registry.npmjs.org/inherits/-/inherits-2.0.3.tgz",
      "integrity": "sha1-Yzwsg+PaQqUC9SRmAiSA9CCCYd4=",
      "dev": true
    },
    "is-buffer": {
      "version": "https://registry.npmjs.org/is-buffer/-/is-buffer-1.1.5.tgz",
      "integrity": "sha1-Hzsm72E7IUuIy8ojzGwB2Hlh7sw=",
      "dev": true
    },
    "is-extendable": {
      "version": "https://registry.npmjs.org/is-extendable/-/is-extendable-0.1.1.tgz",
      "integrity": "sha1-YrEQ4omkcUGOPsNqYX1HLjAd/Ik=",
      "dev": true
    },
    "is-plain-object": {
      "version": "https://registry.npmjs.org/is-plain-object/-/is-plain-object-2.0.1.tgz",
      "integrity": "sha1-TXylObydubc3uKy2EvIxjvkvKU8=",
      "dev": true
    },
    "isobject": {
      "version": "https://registry.npmjs.org/isobject/-/isobject-1.0.2.tgz",
      "integrity": "sha1-8Pm4zpLdVA+gdAiC44NaLgIux4o=",
      "dev": true
    },
    "jsonfile": {
      "version": "https://registry.npmjs.org/jsonfile/-/jsonfile-2.4.0.tgz",
      "integrity": "sha1-NzaitCi4e72gzIO1P6PWM6NcKug=",
      "dev": true
    },
    "kind-of": {
      "version": "https://registry.npmjs.org/kind-of/-/kind-of-3.2.0.tgz",
      "integrity": "sha1-tYq+TVwEStM3JqjBUltIz4kb/wc=",
      "dev": true
    },
    "lazy-cache": {
      "version": "https://registry.npmjs.org/lazy-cache/-/lazy-cache-1.0.4.tgz",
      "integrity": "sha1-odePw6UEdMuAhF07O24dpJpEbo4=",
      "dev": true
    },
    "merge-deep": {
      "version": "https://registry.npmjs.org/merge-deep/-/merge-deep-3.0.0.tgz",
      "integrity": "sha1-zJEp3tedymWpUUSvPpjpTSrXoxc=",
      "dev": true
    },
    "minimatch": {
      "version": "https://registry.npmjs.org/minimatch/-/minimatch-3.0.4.tgz",
      "integrity": "sha1-UWbihkV/AzBgZL5Ul+jbsMPTIIM=",
      "dev": true
    },
    "mixin-object": {
      "version": "https://registry.npmjs.org/mixin-object/-/mixin-object-2.0.1.tgz",
      "integrity": "sha1-T7lJRB2rGCVA8f4DW6YOGUel5X4=",
      "dev": true,
      "dependencies": {
        "for-in": {
          "version": "https://registry.npmjs.org/for-in/-/for-in-0.1.8.tgz",
          "integrity": "sha1-2Hc5COMSVhCZUrH9ubP6hn0ndeE=",
          "dev": true
        }
      }
    },
    "once": {
      "version": "https://registry.npmjs.org/once/-/once-1.4.0.tgz",
      "integrity": "sha1-WDsap3WWHUsROsF9nFC6753Xa9E=",
      "dev": true
    },
    "path-is-absolute": {
      "version": "https://registry.npmjs.org/path-is-absolute/-/path-is-absolute-1.0.1.tgz",
      "integrity": "sha1-F0uSaHNVNP+8es5r9TpanhtcX18=",
      "dev": true
    },
    "rimraf": {
      "version": "https://registry.npmjs.org/rimraf/-/rimraf-2.6.1.tgz",
      "integrity": "sha1-wjOOxkPfeht/5cVPqG9XQopV8z0=",
      "dev": true
    },
    "semver": {
      "version": "https://registry.npmjs.org/semver/-/semver-5.3.0.tgz",
      "integrity": "sha1-myzl094C0XxgEq0yaqa00M9U+U8=",
      "dev": true
    },
    "setimmediate": {
      "version": "https://registry.npmjs.org/setimmediate/-/setimmediate-1.0.5.tgz",
      "integrity": "sha1-KQy7Iy4waULX1+qbg3Mqt4VvgoU=",
      "dev": true
    },
    "shallow-clone": {
      "version": "https://registry.npmjs.org/shallow-clone/-/shallow-clone-0.1.2.tgz",
      "integrity": "sha1-WQnodLp3EG1zrEFM/sH/yofZcGA=",
      "dev": true,
      "dependencies": {
        "kind-of": {
          "version": "https://registry.npmjs.org/kind-of/-/kind-of-2.0.1.tgz",
          "integrity": "sha1-AY7HpM5+OobLkUG+UZ0kyPqpgbU=",
          "dev": true
        },
        "lazy-cache": {
          "version": "https://registry.npmjs.org/lazy-cache/-/lazy-cache-0.2.7.tgz",
          "integrity": "sha1-f+3fLctu23fRHvHRF6tf/fCrG2U=",
          "dev": true
        }
      }
    },
    "shrew": {
      "version": "https://registry.npmjs.org/shrew/-/shrew-0.1.1.tgz",
      "integrity": "sha1-V/3j79FYhZDVVHB/lBiXB6RK5QM=",
      "dev": true
    },
    "startcraft": {
      "version": "https://registry.npmjs.org/startcraft/-/startcraft-0.6.4.tgz",
      "integrity": "sha1-3oG0illvmQzSz1IsE6Qi5ytFFj8=",
      "dev": true
    },
    "watt": {
      "version": "https://registry.npmjs.org/watt/-/watt-3.3.0.tgz",
      "integrity": "sha1-yEY8QI0bSHhwKlPSG4RnaqpsATY=",
      "dev": true
    },
    "wrappy": {
      "version": "https://registry.npmjs.org/wrappy/-/wrappy-1.0.2.tgz",
      "integrity": "sha1-tSQ9jz7BqjXxNkYFvA0QNuMKtp8=",
      "dev": true
    }
  }
}
